
Microsoft Visual Studio Solution File, Format Version 12.00
# Visual Studio Version 17
VisualStudioVersion = 17.2.32516.85
MinimumVisualStudioVersion = 10.0.40219.1
Project("{9A19103F-16F7-4668-BE54-9A1E7A4F7556}") = "Spotify.Domain", "Spotify\Spotify.Domain.csproj", "{E47E1951-EEBF-41E3-99F4-BD97F20877B4}"
EndProject
Project("{9A19103F-16F7-4668-BE54-9A1E7A4F7556}") = "Spotify.Cross", "Spotify.Cross\Spotify.Cross.csproj", "{AD7EAFD7-D3C8-4045-A1DF-7FC0DA2222BF}"
EndProject
Project("{9A19103F-16F7-4668-BE54-9A1E7A4F7556}") = "Spotify.Repository", "Spotify.Repository\Spotify.Repository.csproj", "{CA984B67-9070-42C3-B04A-8A0DC2D91CD1}"
EndProject
Project("{9A19103F-16F7-4668-BE54-9A1E7A4F7556}") = "Spotify.Api", "Spotify.Api\Spotify.Api.csproj", "{86644054-34E4-4808-8954-F1B934BD680F}"
EndProject
Project("{9A19103F-16F7-4668-BE54-9A1E7A4F7556}") = "Spotify.Application", "Spotify.Application\Spotify.Application.csproj", "{96395FB8-8C28-4AA1-A2E2-E7C0E57C84A2}"
EndProject
Project("{9A19103F-16F7-4668-BE54-9A1E7A4F7556}") = "Spotify.Test", "Spotify.Test\Spotify.Test.csproj", "{4AA032C7-5A17-426F-9C6C-9017794B5D15}"
EndProject
Project("{FAE04EC0-301F-11D3-BF4B-00C04F79EFBC}") = "Spotify.Infrastructure", "Spotify.Infrastructure\Spotify.Infrastructure.csproj", "{382D4F83-9056-4EA1-9396-25B5667C84DD}"
EndProject
Global
	GlobalSection(SolutionConfigurationPlatforms) = preSolution
		Debug|Any CPU = Debug|Any CPU
		Release|Any CPU = Release|Any CPU
	EndGlobalSection
	GlobalSection(ProjectConfigurationPlatforms) = postSolution
		{E47E1951-EEBF-41E3-99F4-BD97F20877B4}.Debug|Any CPU.ActiveCfg = Debug|Any CPU
		{E47E1951-EEBF-41E3-99F4-BD97F20877B4}.Debug|Any CPU.Build.0 = Debug|Any CPU
		{E47E1951-EEBF-41E3-99F4-BD97F20877B4}.Release|Any CPU.ActiveCfg = Release|Any CPU
		{E47E1951-EEBF-41E3-99F4-BD97F20877B4}.Release|Any CPU.Build.0 = Release|Any CPU
		{AD7EAFD7-D3C8-4045-A1DF-7FC0DA2222BF}.Debug|Any CPU.ActiveCfg = Debug|Any CPU
		{AD7EAFD7-D3C8-4045-A1DF-7FC0DA2222BF}.Debug|Any CPU.Build.0 = Debug|Any CPU
		{AD7EAFD7-D3C8-4045-A1DF-7FC0DA2222BF}.Release|Any CPU.ActiveCfg = Release|Any CPU
		{AD7EAFD7-D3C8-4045-A1DF-7FC0DA2222BF}.Release|Any CPU.Build.0 = Release|Any CPU
		{CA984B67-9070-42C3-B04A-8A0DC2D91CD1}.Debug|Any CPU.ActiveCfg = Debug|Any CPU
		{CA984B67-9070-42C3-B04A-8A0DC2D91CD1}.Debug|Any CPU.Build.0 = Debug|Any CPU
		{CA984B67-9070-42C3-B04A-8A0DC2D91CD1}.Release|Any CPU.ActiveCfg = Release|Any CPU
		{CA984B67-9070-42C3-B04A-8A0DC2D91CD1}.Release|Any CPU.Build.0 = Release|Any CPU
		{86644054-34E4-4808-8954-F1B934BD680F}.Debug|Any CPU.ActiveCfg = Debug|Any CPU
		{86644054-34E4-4808-8954-F1B934BD680F}.Debug|Any CPU.Build.0 = Debug|Any CPU
		{86644054-34E4-4808-8954-F1B934BD680F}.Release|Any CPU.ActiveCfg = Release|Any CPU
		{86644054-34E4-4808-8954-F1B934BD680F}.Release|Any CPU.Build.0 = Release|Any CPU
		{96395FB8-8C28-4AA1-A2E2-E7C0E57C84A2}.Debug|Any CPU.ActiveCfg = Debug|Any CPU
		{96395FB8-8C28-4AA1-A2E2-E7C0E57C84A2}.Debug|Any CPU.Build.0 = Debug|Any CPU
		{96395FB8-8C28-4AA1-A2E2-E7C0E57C84A2}.Release|Any CPU.ActiveCfg = Release|Any CPU
		{96395FB8-8C28-4AA1-A2E2-E7C0E57C84A2}.Release|Any CPU.Build.0 = Release|Any CPU
		{4AA032C7-5A17-426F-9C6C-9017794B5D15}.Debug|Any CPU.ActiveCfg = Debug|Any CPU
		{4AA032C7-5A17-426F-9C6C-9017794B5D15}.Debug|Any CPU.Build.0 = Debug|Any CPU
		{4AA032C7-5A17-426F-9C6C-9017794B5D15}.Release|Any CPU.ActiveCfg = Release|Any CPU
		{4AA032C7-5A17-426F-9C6C-9017794B5D15}.Release|Any CPU.Build.0 = Release|Any CPU
		{382D4F83-9056-4EA1-9396-25B5667C84DD}.Debug|Any CPU.ActiveCfg = Debug|Any CPU
		{382D4F83-9056-4EA1-9396-25B5667C84DD}.Debug|Any CPU.Build.0 = Debug|Any CPU
		{382D4F83-9056-4EA1-9396-25B5667C84DD}.Release|Any CPU.ActiveCfg = Release|Any CPU
		{382D4F83-9056-4EA1-9396-25B5667C84DD}.Release|Any CPU.Build.0 = Release|Any CPU
	EndGlobalSection
	GlobalSection(SolutionProperties) = preSolution
		HideSolutionNode = FALSE
	EndGlobalSection
	GlobalSection(ExtensibilityGlobals) = postSolution
		SolutionGuid = {7D195415-84E2-4B91-A167-D5E765D55378}
	EndGlobalSection
EndGlobal
